
Microsoft Visual Studio Solution File, Format Version 12.00
# Visual Studio Version 17
VisualStudioVersion = 17.11.35327.3
MinimumVisualStudioVersion = 10.0.40219.1
Project("{FAE04EC0-301F-11D3-BF4B-00C04F79EFBC}") = "EventHubs-Emulator-Kafka-Demo", "EventHubs-Emulator-Kafka-Demo\EventHubs-Emulator-Kafka-Demo.csproj", "{43E62434-CA3C-4FC1-8CED-FC11ECD65910}"
EndProject
Global
	GlobalSection(SolutionConfigurationPlatforms) = preSolution
		Debug|Any CPU = Debug|Any CPU
		Release|Any CPU = Release|Any CPU
	EndGlobalSection
	GlobalSection(ProjectConfigurationPlatforms) = postSolution
		{43E62434-CA3C-4FC1-8CED-FC11ECD65910}.Debug|Any CPU.ActiveCfg = Debug|Any CPU
		{43E62434-CA3C-4FC1-8CED-FC11ECD65910}.Debug|Any CPU.Build.0 = Debug|Any CPU
		{43E62434-CA3C-4FC1-8CED-FC11ECD65910}.Release|Any CPU.ActiveCfg = Release|Any CPU
		{43E62434-CA3C-4FC1-8CED-FC11ECD65910}.Release|Any CPU.Build.0 = Release|Any CPU
	EndGlobalSection
	GlobalSection(SolutionProperties) = preSolution
		HideSolutionNode = FALSE
	EndGlobalSection
	GlobalSection(ExtensibilityGlobals) = postSolution
		SolutionGuid = {69FBA9D2-A274-41C3-BC6E-D90284DFD869}
	EndGlobalSection
EndGlobal
