
Microsoft Visual Studio Solution File, Format Version 12.00
# Visual Studio Version 17
VisualStudioVersion = 17.8.34511.84
MinimumVisualStudioVersion = 10.0.40219.1
Project("{9A19103F-16F7-4668-BE54-9A1E7A4F7556}") = "EventHubs-Emulator-Demo", "EventHubs-Emulator-Demo\EventHubs-Emulator-Demo.csproj", "{EF62BBF3-03D0-4BEB-9976-8AD49E1B6F8C}"
EndProject
Project("{2150E333-8FDC-42A3-9474-1A3956D46DE8}") = "Solution Items", "Solution Items", "{E39669A4-0A4F-42B1-A6D9-383818CA8CB8}"
	ProjectSection(SolutionItems) = preProject
		nuget.config = nuget.config
	EndProjectSection
EndProject
Global
	GlobalSection(SolutionConfigurationPlatforms) = preSolution
		Debug|Any CPU = Debug|Any CPU
		Release|Any CPU = Release|Any CPU
	EndGlobalSection
	GlobalSection(ProjectConfigurationPlatforms) = postSolution
		{EF62BBF3-03D0-4BEB-9976-8AD49E1B6F8C}.Debug|Any CPU.ActiveCfg = Debug|Any CPU
		{EF62BBF3-03D0-4BEB-9976-8AD49E1B6F8C}.Debug|Any CPU.Build.0 = Debug|Any CPU
		{EF62BBF3-03D0-4BEB-9976-8AD49E1B6F8C}.Release|Any CPU.ActiveCfg = Release|Any CPU
		{EF62BBF3-03D0-4BEB-9976-8AD49E1B6F8C}.Release|Any CPU.Build.0 = Release|Any CPU
	EndGlobalSection
	GlobalSection(SolutionProperties) = preSolution
		HideSolutionNode = FALSE
	EndGlobalSection
	GlobalSection(ExtensibilityGlobals) = postSolution
		SolutionGuid = {5F9AC514-49A5-4617-B02C-EBBE1A51F465}
	EndGlobalSection
EndGlobal
